
Microsoft Visual Studio Solution File, Format Version 12.00
# Visual Studio Version 17
VisualStudioVersion = 17.0.31903.59
MinimumVisualStudioVersion = 10.0.40219.1
Project("{2150E333-8FDC-42A3-9474-1A3956D46DE8}") = "src", "src", "{708DAF01-0FBB-41DF-AA33-D62489414F74}"
EndProject
Project("{FAE04EC0-301F-11D3-BF4B-00C04F79EFBC}") = "OCL.NET.Core", "src\OCL.NET.Core\OCL.NET.Core.csproj", "{268F81B4-35DB-4295-98B0-C54C72E5A15B}"
EndProject
Project("{2150E333-8FDC-42A3-9474-1A3956D46DE8}") = "tests", "tests", "{BA83428C-7780-4FE2-85F9-42AA7623AE18}"
EndProject
Project("{FAE04EC0-301F-11D3-BF4B-00C04F79EFBC}") = "OCL.NET.Core.Tests", "tests\OCL.NET.Core.Tests\OCL.NET.Core.Tests.csproj", "{C71E0EE1-977F-4F9E-9891-565FBF6D06E8}"
EndProject
Project("{FAE04EC0-301F-11D3-BF4B-00C04F79EFBC}") = "OCL.NET.Caex", "src\OCL.NET.Caex\OCL.NET.Caex.csproj", "{5D41920B-497B-4D95-8C0D-7DDE8B92180A}"
EndProject
Project("{FAE04EC0-301F-11D3-BF4B-00C04F79EFBC}") = "OCL.NET.Caex.Tests", "tests\OCL.NET.Caex.Tests\OCL.NET.Caex.Tests.csproj", "{6831E07D-651B-436C-BF9C-EC86DC2E4E4B}"
EndProject
Project("{2150E333-8FDC-42A3-9474-1A3956D46DE8}") = "tools", "tools", "{C0E9BB62-C1FF-42F3-B010-C1A9B722F71A}"
EndProject
Project("{FAE04EC0-301F-11D3-BF4B-00C04F79EFBC}") = "OCL.NET.RuleDemo", "tools\OCL.NET.RuleDemo\OCL.NET.RuleDemo.csproj", "{DE031308-F49C-4221-81B0-19E124EC1C52}"
EndProject
Global
	GlobalSection(SolutionConfigurationPlatforms) = preSolution
		Debug|Any CPU = Debug|Any CPU
		Release|Any CPU = Release|Any CPU
	EndGlobalSection
	GlobalSection(SolutionProperties) = preSolution
		HideSolutionNode = FALSE
	EndGlobalSection
	GlobalSection(ProjectConfigurationPlatforms) = postSolution
		{268F81B4-35DB-4295-98B0-C54C72E5A15B}.Debug|Any CPU.ActiveCfg = Debug|Any CPU
		{268F81B4-35DB-4295-98B0-C54C72E5A15B}.Debug|Any CPU.Build.0 = Debug|Any CPU
		{268F81B4-35DB-4295-98B0-C54C72E5A15B}.Release|Any CPU.ActiveCfg = Release|Any CPU
		{268F81B4-35DB-4295-98B0-C54C72E5A15B}.Release|Any CPU.Build.0 = Release|Any CPU
		{C71E0EE1-977F-4F9E-9891-565FBF6D06E8}.Debug|Any CPU.ActiveCfg = Debug|Any CPU
		{C71E0EE1-977F-4F9E-9891-565FBF6D06E8}.Debug|Any CPU.Build.0 = Debug|Any CPU
		{C71E0EE1-977F-4F9E-9891-565FBF6D06E8}.Release|Any CPU.ActiveCfg = Release|Any CPU
		{C71E0EE1-977F-4F9E-9891-565FBF6D06E8}.Release|Any CPU.Build.0 = Release|Any CPU
		{5D41920B-497B-4D95-8C0D-7DDE8B92180A}.Debug|Any CPU.ActiveCfg = Debug|Any CPU
		{5D41920B-497B-4D95-8C0D-7DDE8B92180A}.Debug|Any CPU.Build.0 = Debug|Any CPU
		{5D41920B-497B-4D95-8C0D-7DDE8B92180A}.Release|Any CPU.ActiveCfg = Release|Any CPU
		{5D41920B-497B-4D95-8C0D-7DDE8B92180A}.Release|Any CPU.Build.0 = Release|Any CPU
		{6831E07D-651B-436C-BF9C-EC86DC2E4E4B}.Debug|Any CPU.ActiveCfg = Debug|Any CPU
		{6831E07D-651B-436C-BF9C-EC86DC2E4E4B}.Debug|Any CPU.Build.0 = Debug|Any CPU
		{6831E07D-651B-436C-BF9C-EC86DC2E4E4B}.Release|Any CPU.ActiveCfg = Release|Any CPU
		{6831E07D-651B-436C-BF9C-EC86DC2E4E4B}.Release|Any CPU.Build.0 = Release|Any CPU
		{DE031308-F49C-4221-81B0-19E124EC1C52}.Debug|Any CPU.ActiveCfg = Debug|Any CPU
		{DE031308-F49C-4221-81B0-19E124EC1C52}.Debug|Any CPU.Build.0 = Debug|Any CPU
		{DE031308-F49C-4221-81B0-19E124EC1C52}.Release|Any CPU.ActiveCfg = Release|Any CPU
		{DE031308-F49C-4221-81B0-19E124EC1C52}.Release|Any CPU.Build.0 = Release|Any CPU
	EndGlobalSection
	GlobalSection(NestedProjects) = preSolution
		{268F81B4-35DB-4295-98B0-C54C72E5A15B} = {708DAF01-0FBB-41DF-AA33-D62489414F74}
		{C71E0EE1-977F-4F9E-9891-565FBF6D06E8} = {BA83428C-7780-4FE2-85F9-42AA7623AE18}
		{5D41920B-497B-4D95-8C0D-7DDE8B92180A} = {708DAF01-0FBB-41DF-AA33-D62489414F74}
		{6831E07D-651B-436C-BF9C-EC86DC2E4E4B} = {BA83428C-7780-4FE2-85F9-42AA7623AE18}
		{DE031308-F49C-4221-81B0-19E124EC1C52} = {C0E9BB62-C1FF-42F3-B010-C1A9B722F71A}
	EndGlobalSection
EndGlobal
